
Microsoft Visual Studio Solution File, Format Version 12.00
# Visual Studio Version 17
VisualStudioVersion = 17.8.34525.116
MinimumVisualStudioVersion = 10.0.40219.1
Project("{9A19103F-16F7-4668-BE54-9A1E7A4F7556}") = "ReferenceTypes", "ReferenceTypes\ReferenceTypes.csproj", "{7EACAA30-56D6-4F98-9BA0-C10157F6A96A}"
EndProject
Project("{9A19103F-16F7-4668-BE54-9A1E7A4F7556}") = "Constructors", "Constructors\Constructors.csproj", "{C2A43115-D407-4B50-81E8-8E949A111559}"
EndProject
Project("{9A19103F-16F7-4668-BE54-9A1E7A4F7556}") = "Interfaces", "Interfaces\Interfaces.csproj", "{207DA7C4-FE99-4585-93E7-531A9939608D}"
EndProject
Project("{9A19103F-16F7-4668-BE54-9A1E7A4F7556}") = "Generics", "Generics\Generics.csproj", "{60A9A40C-EC59-4D84-8EF7-B972A88D9A25}"
EndProject
Project("{9A19103F-16F7-4668-BE54-9A1E7A4F7556}") = "ThreadingDemo", "ThreadingDemo\ThreadingDemo.csproj", "{749E70AF-F4E0-4351-97ED-5E7939D62D89}"
EndProject
Project("{FAE04EC0-301F-11D3-BF4B-00C04F79EFBC}") = "LinqProject", "LinqProject\LinqProject.csproj", "{C0741B1B-465E-4142-8043-2C5E33E0CF6A}"
EndProject
Global
	GlobalSection(SolutionConfigurationPlatforms) = preSolution
		Debug|Any CPU = Debug|Any CPU
		Release|Any CPU = Release|Any CPU
	EndGlobalSection
	GlobalSection(ProjectConfigurationPlatforms) = postSolution
		{7EACAA30-56D6-4F98-9BA0-C10157F6A96A}.Debug|Any CPU.ActiveCfg = Debug|Any CPU
		{7EACAA30-56D6-4F98-9BA0-C10157F6A96A}.Debug|Any CPU.Build.0 = Debug|Any CPU
		{7EACAA30-56D6-4F98-9BA0-C10157F6A96A}.Release|Any CPU.ActiveCfg = Release|Any CPU
		{7EACAA30-56D6-4F98-9BA0-C10157F6A96A}.Release|Any CPU.Build.0 = Release|Any CPU
		{C2A43115-D407-4B50-81E8-8E949A111559}.Debug|Any CPU.ActiveCfg = Debug|Any CPU
		{C2A43115-D407-4B50-81E8-8E949A111559}.Debug|Any CPU.Build.0 = Debug|Any CPU
		{C2A43115-D407-4B50-81E8-8E949A111559}.Release|Any CPU.ActiveCfg = Release|Any CPU
		{C2A43115-D407-4B50-81E8-8E949A111559}.Release|Any CPU.Build.0 = Release|Any CPU
		{207DA7C4-FE99-4585-93E7-531A9939608D}.Debug|Any CPU.ActiveCfg = Debug|Any CPU
		{207DA7C4-FE99-4585-93E7-531A9939608D}.Debug|Any CPU.Build.0 = Debug|Any CPU
		{207DA7C4-FE99-4585-93E7-531A9939608D}.Release|Any CPU.ActiveCfg = Release|Any CPU
		{207DA7C4-FE99-4585-93E7-531A9939608D}.Release|Any CPU.Build.0 = Release|Any CPU
		{60A9A40C-EC59-4D84-8EF7-B972A88D9A25}.Debug|Any CPU.ActiveCfg = Debug|Any CPU
		{60A9A40C-EC59-4D84-8EF7-B972A88D9A25}.Debug|Any CPU.Build.0 = Debug|Any CPU
		{60A9A40C-EC59-4D84-8EF7-B972A88D9A25}.Release|Any CPU.ActiveCfg = Release|Any CPU
		{60A9A40C-EC59-4D84-8EF7-B972A88D9A25}.Release|Any CPU.Build.0 = Release|Any CPU
		{749E70AF-F4E0-4351-97ED-5E7939D62D89}.Debug|Any CPU.ActiveCfg = Debug|Any CPU
		{749E70AF-F4E0-4351-97ED-5E7939D62D89}.Debug|Any CPU.Build.0 = Debug|Any CPU
		{749E70AF-F4E0-4351-97ED-5E7939D62D89}.Release|Any CPU.ActiveCfg = Release|Any CPU
		{749E70AF-F4E0-4351-97ED-5E7939D62D89}.Release|Any CPU.Build.0 = Release|Any CPU
		{C0741B1B-465E-4142-8043-2C5E33E0CF6A}.Debug|Any CPU.ActiveCfg = Debug|Any CPU
		{C0741B1B-465E-4142-8043-2C5E33E0CF6A}.Debug|Any CPU.Build.0 = Debug|Any CPU
		{C0741B1B-465E-4142-8043-2C5E33E0CF6A}.Release|Any CPU.ActiveCfg = Release|Any CPU
		{C0741B1B-465E-4142-8043-2C5E33E0CF6A}.Release|Any CPU.Build.0 = Release|Any CPU
	EndGlobalSection
	GlobalSection(SolutionProperties) = preSolution
		HideSolutionNode = FALSE
	EndGlobalSection
	GlobalSection(ExtensibilityGlobals) = postSolution
		SolutionGuid = {6B9D263E-3F94-49C8-85DD-D2A617FBE439}
	EndGlobalSection
EndGlobal
